
Microsoft Visual Studio Solution File, Format Version 12.00
# Visual Studio 15
VisualStudioVersion = 15.0.28010.2026
MinimumVisualStudioVersion = 10.0.40219.1
Project("{FAE04EC0-301F-11D3-BF4B-00C04F79EFBC}") = "RealEstateScraping", "RealEstateScraping\RealEstateScraping.csproj", "{63E6DDE6-5939-4E83-AD0C-5639113FB4A0}"
EndProject
Project("{FAE04EC0-301F-11D3-BF4B-00C04F79EFBC}") = "RealEstateScraping.Tests", "RealEstateScraping.Tests\RealEstateScraping.Tests.csproj", "{1D311A54-86CE-42C9-8AA8-A5E9B7409C4F}"
EndProject
Project("{FAE04EC0-301F-11D3-BF4B-00C04F79EFBC}") = "RealEstateScraping.Task", "RealEstateScraping.Task\RealEstateScraping.Task.csproj", "{80400914-E953-4E73-9A33-E3B2B84C34E7}"
EndProject
Global
	GlobalSection(SolutionConfigurationPlatforms) = preSolution
		Debug|Any CPU = Debug|Any CPU
		Release|Any CPU = Release|Any CPU
	EndGlobalSection
	GlobalSection(ProjectConfigurationPlatforms) = postSolution
		{63E6DDE6-5939-4E83-AD0C-5639113FB4A0}.Debug|Any CPU.ActiveCfg = Debug|Any CPU
		{63E6DDE6-5939-4E83-AD0C-5639113FB4A0}.Debug|Any CPU.Build.0 = Debug|Any CPU
		{63E6DDE6-5939-4E83-AD0C-5639113FB4A0}.Release|Any CPU.ActiveCfg = Release|Any CPU
		{63E6DDE6-5939-4E83-AD0C-5639113FB4A0}.Release|Any CPU.Build.0 = Release|Any CPU
		{1D311A54-86CE-42C9-8AA8-A5E9B7409C4F}.Debug|Any CPU.ActiveCfg = Debug|Any CPU
		{1D311A54-86CE-42C9-8AA8-A5E9B7409C4F}.Debug|Any CPU.Build.0 = Debug|Any CPU
		{1D311A54-86CE-42C9-8AA8-A5E9B7409C4F}.Release|Any CPU.ActiveCfg = Release|Any CPU
		{1D311A54-86CE-42C9-8AA8-A5E9B7409C4F}.Release|Any CPU.Build.0 = Release|Any CPU
		{80400914-E953-4E73-9A33-E3B2B84C34E7}.Debug|Any CPU.ActiveCfg = Debug|Any CPU
		{80400914-E953-4E73-9A33-E3B2B84C34E7}.Debug|Any CPU.Build.0 = Debug|Any CPU
		{80400914-E953-4E73-9A33-E3B2B84C34E7}.Release|Any CPU.ActiveCfg = Release|Any CPU
		{80400914-E953-4E73-9A33-E3B2B84C34E7}.Release|Any CPU.Build.0 = Release|Any CPU
	EndGlobalSection
	GlobalSection(SolutionProperties) = preSolution
		HideSolutionNode = FALSE
	EndGlobalSection
	GlobalSection(ExtensibilityGlobals) = postSolution
		SolutionGuid = {C35C415F-AE1B-48A2-A283-D64BC1F3195A}
	EndGlobalSection
EndGlobal
